
Microsoft Visual Studio Solution File, Format Version 12.00
# Visual Studio Version 16
VisualStudioVersion = 16.0.30204.135
MinimumVisualStudioVersion = 10.0.40219.1
Project("{FAE04EC0-301F-11D3-BF4B-00C04F79EFBC}") = "BlzWasmPlayground", "BlzWasmPlayground.csproj", "{0F76FA9C-070A-47DB-A70D-4EBC333ACE99}"
EndProject
Global
	GlobalSection(SolutionConfigurationPlatforms) = preSolution
		Debug|Any CPU = Debug|Any CPU
		Release|Any CPU = Release|Any CPU
	EndGlobalSection
	GlobalSection(ProjectConfigurationPlatforms) = postSolution
		{0F76FA9C-070A-47DB-A70D-4EBC333ACE99}.Debug|Any CPU.ActiveCfg = Debug|Any CPU
		{0F76FA9C-070A-47DB-A70D-4EBC333ACE99}.Debug|Any CPU.Build.0 = Debug|Any CPU
		{0F76FA9C-070A-47DB-A70D-4EBC333ACE99}.Release|Any CPU.ActiveCfg = Release|Any CPU
		{0F76FA9C-070A-47DB-A70D-4EBC333ACE99}.Release|Any CPU.Build.0 = Release|Any CPU
	EndGlobalSection
	GlobalSection(SolutionProperties) = preSolution
		HideSolutionNode = FALSE
	EndGlobalSection
	GlobalSection(ExtensibilityGlobals) = postSolution
		SolutionGuid = {A430E496-CEB7-4252-8429-D532DE57C272}
	EndGlobalSection
EndGlobal
